{
  "name": "shaka-player",
  "version": "1.0.0",
  "lockfileVersion": 1,
  "requires": true,
  "dependencies": {
    "@polymer/lit-element": {
      "version": "0.5.0",
      "resolved": "https://registry.npmjs.org/@polymer/lit-element/-/lit-element-0.5.0.tgz",
      "integrity": "sha512-TEAj3ye0XFINusQ/qvbIFPTh61lQL68XY+QDFadmGfdtZo6PnnKZABbrxG3U0DNOz7bEE2PBhFJOXDzDbIGiWA==",
      "dev": true,
      "requires": {
        "@polymer/polymer": "^3.0.0-pre.13",
        "lit-html": "^0.10.0"
      }
    },
    "@polymer/polymer": {
      "version": "3.0.0-pre.13",
      "resolved": "https://registry.npmjs.org/@polymer/polymer/-/polymer-3.0.0-pre.13.tgz",
      "integrity": "sha512-dUoguCkr4XFVQ3WT4Kpc/Mkmqfo0CPj355uvF8n4hQWraJXxQI/f41fLTiXRHhwpZwe+ZMZ48Z5YkG/5Wzlmjw==",
      "dev": true,
      "requires": {
        "@webcomponents/shadycss": "^1.2.0-0"
      }
    },
    "@webcomponents/shadycss": {
      "version": "1.2.0-0",
      "resolved": "https://registry.npmjs.org/@webcomponents/shadycss/-/shadycss-1.2.0-0.tgz",
      "integrity": "sha512-NShZ8DRiPnsBFpbbhITL5KZd47cU0v8paRc3F5I/TkC7MX/UtUEvvmQN6ghffb4oNVTC3Aqt95vK2JFaFgDLtw==",
      "dev": true
    },
    "lit-html": {
      "version": "0.10.0",
      "resolved": "https://registry.npmjs.org/lit-html/-/lit-html-0.10.0.tgz",
      "integrity": "sha512-w+7hn1gu5O4GZiRIQBLwC+WRtqKhA54fLQeKHdcUB+iCJypUZvTiE1OsotwpxMwran4+XV4vMHYhhdDMW4/Mww==",
      "dev": true
    }
  }
}
